// !$*UTF8*$!
{
	archiveVersion = 1;
	classes = {
	};
	objectVersion = 55;
	objects = {

/* Begin PBXBuildFile section */
		B938249D28A0328200E0C5E7 /* ScheduleInPicker.swift in Sources */ = {isa = PBXBuildFile; fileRef = B938249C28A0328200E0C5E7 /* ScheduleInPicker.swift */; };
		B938249E28A0328200E0C5E7 /* ScheduleInPicker.swift in Sources */ = {isa = PBXBuildFile; fileRef = B938249C28A0328200E0C5E7 /* ScheduleInPicker.swift */; };
		B93824A028A032CD00E0C5E7 /* ScheduleAtPicker.swift in Sources */ = {isa = PBXBuildFile; fileRef = B938249F28A032CD00E0C5E7 /* ScheduleAtPicker.swift */; };
		B93824A128A032CD00E0C5E7 /* ScheduleAtPicker.swift in Sources */ = {isa = PBXBuildFile; fileRef = B938249F28A032CD00E0C5E7 /* ScheduleAtPicker.swift */; };
		B95DEAF9288D8D0100055411 /* NotificationStatusView.swift in Sources */ = {isa = PBXBuildFile; fileRef = B95DEAF8288D8D0100055411 /* NotificationStatusView.swift */; };
		B95DEAFA288D8D0100055411 /* NotificationStatusView.swift in Sources */ = {isa = PBXBuildFile; fileRef = B95DEAF8288D8D0100055411 /* NotificationStatusView.swift */; };
		B95DEAFC288D8DD900055411 /* RequestNotificationPermissionView.swift in Sources */ = {isa = PBXBuildFile; fileRef = B95DEAFB288D8DD900055411 /* RequestNotificationPermissionView.swift */; };
		B95DEAFD288D8DD900055411 /* RequestNotificationPermissionView.swift in Sources */ = {isa = PBXBuildFile; fileRef = B95DEAFB288D8DD900055411 /* RequestNotificationPermissionView.swift */; };
		B95DEAFF288D8E5E00055411 /* NTButton.swift in Sources */ = {isa = PBXBuildFile; fileRef = B95DEAFE288D8E5E00055411 /* NTButton.swift */; };
		B95DEB00288D8E5E00055411 /* NTButton.swift in Sources */ = {isa = PBXBuildFile; fileRef = B95DEAFE288D8E5E00055411 /* NTButton.swift */; };
		B95DEB02288D924900055411 /* NotificationHelper.swift in Sources */ = {isa = PBXBuildFile; fileRef = B95DEB01288D924900055411 /* NotificationHelper.swift */; };
		B95DEB03288D924900055411 /* NotificationHelper.swift in Sources */ = {isa = PBXBuildFile; fileRef = B95DEB01288D924900055411 /* NotificationHelper.swift */; };
		B95DEB05288DA52A00055411 /* NTFormSubmitButton.swift in Sources */ = {isa = PBXBuildFile; fileRef = B95DEB04288DA52A00055411 /* NTFormSubmitButton.swift */; };
		B95DEB06288DA52A00055411 /* NTFormSubmitButton.swift in Sources */ = {isa = PBXBuildFile; fileRef = B95DEB04288DA52A00055411 /* NTFormSubmitButton.swift */; };
		B95DEB0E2896C0E700055411 /* ConfigureNotificationViewModel.swift in Sources */ = {isa = PBXBuildFile; fileRef = B95DEB0D2896C0E700055411 /* ConfigureNotificationViewModel.swift */; };
		B95DEB0F2896C0E700055411 /* ConfigureNotificationViewModel.swift in Sources */ = {isa = PBXBuildFile; fileRef = B95DEB0D2896C0E700055411 /* ConfigureNotificationViewModel.swift */; };
		B95DEB112896CBC500055411 /* NotificationOverviewViewModel.swift in Sources */ = {isa = PBXBuildFile; fileRef = B95DEB102896CBC500055411 /* NotificationOverviewViewModel.swift */; };
		B95DEB122896CBC500055411 /* NotificationOverviewViewModel.swift in Sources */ = {isa = PBXBuildFile; fileRef = B95DEB102896CBC500055411 /* NotificationOverviewViewModel.swift */; };
		B9C90C38288441B6000D91E5 /* LocalNotificationTestApp.swift in Sources */ = {isa = PBXBuildFile; fileRef = B9C90C28288441B3000D91E5 /* LocalNotificationTestApp.swift */; };
		B9C90C39288441B6000D91E5 /* LocalNotificationTestApp.swift in Sources */ = {isa = PBXBuildFile; fileRef = B9C90C28288441B3000D91E5 /* LocalNotificationTestApp.swift */; };
		B9C90C3A288441B6000D91E5 /* NotificationOverviewView.swift in Sources */ = {isa = PBXBuildFile; fileRef = B9C90C29288441B3000D91E5 /* NotificationOverviewView.swift */; };
		B9C90C3B288441B6000D91E5 /* NotificationOverviewView.swift in Sources */ = {isa = PBXBuildFile; fileRef = B9C90C29288441B3000D91E5 /* NotificationOverviewView.swift */; };
		B9C90C3C288441B6000D91E5 /* Assets.xcassets in Resources */ = {isa = PBXBuildFile; fileRef = B9C90C2A288441B6000D91E5 /* Assets.xcassets */; };
		B9C90C3D288441B6000D91E5 /* Assets.xcassets in Resources */ = {isa = PBXBuildFile; fileRef = B9C90C2A288441B6000D91E5 /* Assets.xcassets */; };
		B9C90C4728845FA7000D91E5 /* ConfigureNotificationView.swift in Sources */ = {isa = PBXBuildFile; fileRef = B9C90C4628845FA7000D91E5 /* ConfigureNotificationView.swift */; };
		B9C90C4828845FA7000D91E5 /* ConfigureNotificationView.swift in Sources */ = {isa = PBXBuildFile; fileRef = B9C90C4628845FA7000D91E5 /* ConfigureNotificationView.swift */; };
		B9DEDF1A28AA9B3700959FA3 /* ScheduleOptionsPicker.swift in Sources */ = {isa = PBXBuildFile; fileRef = B9DEDF1928AA9B3700959FA3 /* ScheduleOptionsPicker.swift */; };
		B9DEDF1B28AA9B3700959FA3 /* ScheduleOptionsPicker.swift in Sources */ = {isa = PBXBuildFile; fileRef = B9DEDF1928AA9B3700959FA3 /* ScheduleOptionsPicker.swift */; };
/* End PBXBuildFile section */

/* Begin PBXFileReference section */
		B938249C28A0328200E0C5E7 /* ScheduleInPicker.swift */ = {isa = PBXFileReference; lastKnownFileType = sourcecode.swift; path = ScheduleInPicker.swift; sourceTree = "<group>"; };
		B938249F28A032CD00E0C5E7 /* ScheduleAtPicker.swift */ = {isa = PBXFileReference; lastKnownFileType = sourcecode.swift; path = ScheduleAtPicker.swift; sourceTree = "<group>"; };
		B95DEAF8288D8D0100055411 /* NotificationStatusView.swift */ = {isa = PBXFileReference; lastKnownFileType = sourcecode.swift; path = NotificationStatusView.swift; sourceTree = "<group>"; };
		B95DEAFB288D8DD900055411 /* RequestNotificationPermissionView.swift */ = {isa = PBXFileReference; lastKnownFileType = sourcecode.swift; path = RequestNotificationPermissionView.swift; sourceTree = "<group>"; };
		B95DEAFE288D8E5E00055411 /* NTButton.swift */ = {isa = PBXFileReference; lastKnownFileType = sourcecode.swift; path = NTButton.swift; sourceTree = "<group>"; };
		B95DEB01288D924900055411 /* NotificationHelper.swift */ = {isa = PBXFileReference; lastKnownFileType = sourcecode.swift; path = NotificationHelper.swift; sourceTree = "<group>"; };
		B95DEB04288DA52A00055411 /* NTFormSubmitButton.swift */ = {isa = PBXFileReference; lastKnownFileType = sourcecode.swift; path = NTFormSubmitButton.swift; sourceTree = "<group>"; };
		B95DEB0D2896C0E700055411 /* ConfigureNotificationViewModel.swift */ = {isa = PBXFileReference; lastKnownFileType = sourcecode.swift; path = ConfigureNotificationViewModel.swift; sourceTree = "<group>"; };
		B95DEB102896CBC500055411 /* NotificationOverviewViewModel.swift */ = {isa = PBXFileReference; lastKnownFileType = sourcecode.swift; path = NotificationOverviewViewModel.swift; sourceTree = "<group>"; };
		B9C90C28288441B3000D91E5 /* LocalNotificationTestApp.swift */ = {isa = PBXFileReference; lastKnownFileType = sourcecode.swift; path = LocalNotificationTestApp.swift; sourceTree = "<group>"; };
		B9C90C29288441B3000D91E5 /* NotificationOverviewView.swift */ = {isa = PBXFileReference; lastKnownFileType = sourcecode.swift; path = NotificationOverviewView.swift; sourceTree = "<group>"; };
		B9C90C2A288441B6000D91E5 /* Assets.xcassets */ = {isa = PBXFileReference; lastKnownFileType = folder.assetcatalog; path = Assets.xcassets; sourceTree = "<group>"; };
		B9C90C2F288441B6000D91E5 /* LocalNotificationTest.app */ = {isa = PBXFileReference; explicitFileType = wrapper.application; includeInIndex = 0; path = LocalNotificationTest.app; sourceTree = BUILT_PRODUCTS_DIR; };
		B9C90C35288441B6000D91E5 /* LocalNotificationTest.app */ = {isa = PBXFileReference; explicitFileType = wrapper.application; includeInIndex = 0; path = LocalNotificationTest.app; sourceTree = BUILT_PRODUCTS_DIR; };
		B9C90C37288441B6000D91E5 /* macOS.entitlements */ = {isa = PBXFileReference; lastKnownFileType = text.plist.entitlements; path = macOS.entitlements; sourceTree = "<group>"; };
		B9C90C4628845FA7000D91E5 /* ConfigureNotificationView.swift */ = {isa = PBXFileReference; lastKnownFileType = sourcecode.swift; path = ConfigureNotificationView.swift; sourceTree = "<group>"; };
		B9DEDF1928AA9B3700959FA3 /* ScheduleOptionsPicker.swift */ = {isa = PBXFileReference; lastKnownFileType = sourcecode.swift; path = ScheduleOptionsPicker.swift; sourceTree = "<group>"; };
/* End PBXFileReference section */

/* Begin PBXFrameworksBuildPhase section */
		B9C90C2C288441B6000D91E5 /* Frameworks */ = {
			isa = PBXFrameworksBuildPhase;
			buildActionMask = 2147483647;
			files = (
			);
			runOnlyForDeploymentPostprocessing = 0;
		};
		B9C90C32288441B6000D91E5 /* Frameworks */ = {
			isa = PBXFrameworksBuildPhase;
			buildActionMask = 2147483647;
			files = (
			);
			runOnlyForDeploymentPostprocessing = 0;
		};
/* End PBXFrameworksBuildPhase section */

/* Begin PBXGroup section */
		B938249B28A0326A00E0C5E7 /* Pickers */ = {
			isa = PBXGroup;
			children = (
				B938249C28A0328200E0C5E7 /* ScheduleInPicker.swift */,
				B938249F28A032CD00E0C5E7 /* ScheduleAtPicker.swift */,
				B9DEDF1928AA9B3700959FA3 /* ScheduleOptionsPicker.swift */,
			);
			path = Pickers;
			sourceTree = "<group>";
		};
		B95DEB072896BF0600055411 /* Screens */ = {
			isa = PBXGroup;
			children = (
				B95DEB0A2896BFF600055411 /* ConfigureNotification */,
				B95DEB092896BFE700055411 /* NotificationOverview */,
			);
			path = Screens;
			sourceTree = "<group>";
		};
		B95DEB082896BFDF00055411 /* Views */ = {
			isa = PBXGroup;
			children = (
				B938249B28A0326A00E0C5E7 /* Pickers */,
				B95DEAFB288D8DD900055411 /* RequestNotificationPermissionView.swift */,
				B95DEAF8288D8D0100055411 /* NotificationStatusView.swift */,
				B95DEB0B2896C01A00055411 /* Buttons */,
			);
			path = Views;
			sourceTree = "<group>";
		};
		B95DEB092896BFE700055411 /* NotificationOverview */ = {
			isa = PBXGroup;
			children = (
				B9C90C29288441B3000D91E5 /* NotificationOverviewView.swift */,
				B95DEB102896CBC500055411 /* NotificationOverviewViewModel.swift */,
			);
			path = NotificationOverview;
			sourceTree = "<group>";
		};
		B95DEB0A2896BFF600055411 /* ConfigureNotification */ = {
			isa = PBXGroup;
			children = (
				B9C90C4628845FA7000D91E5 /* ConfigureNotificationView.swift */,
				B95DEB0D2896C0E700055411 /* ConfigureNotificationViewModel.swift */,
			);
			path = ConfigureNotification;
			sourceTree = "<group>";
		};
		B95DEB0B2896C01A00055411 /* Buttons */ = {
			isa = PBXGroup;
			children = (
				B95DEAFE288D8E5E00055411 /* NTButton.swift */,
				B95DEB04288DA52A00055411 /* NTFormSubmitButton.swift */,
			);
			path = Buttons;
			sourceTree = "<group>";
		};
		B95DEB0C2896C05700055411 /* Helper */ = {
			isa = PBXGroup;
			children = (
				B95DEB01288D924900055411 /* NotificationHelper.swift */,
			);
			path = Helper;
			sourceTree = "<group>";
		};
		B9C90C22288441B3000D91E5 = {
			isa = PBXGroup;
			children = (
				B9C90C27288441B3000D91E5 /* Shared */,
				B9C90C36288441B6000D91E5 /* macOS */,
				B9C90C30288441B6000D91E5 /* Products */,
			);
			sourceTree = "<group>";
		};
		B9C90C27288441B3000D91E5 /* Shared */ = {
			isa = PBXGroup;
			children = (
				B95DEB0C2896C05700055411 /* Helper */,
				B95DEB082896BFDF00055411 /* Views */,
				B95DEB072896BF0600055411 /* Screens */,
				B9C90C28288441B3000D91E5 /* LocalNotificationTestApp.swift */,
				B9C90C2A288441B6000D91E5 /* Assets.xcassets */,
			);
			path = Shared;
			sourceTree = "<group>";
		};
		B9C90C30288441B6000D91E5 /* Products */ = {
			isa = PBXGroup;
			children = (
				B9C90C2F288441B6000D91E5 /* LocalNotificationTest.app */,
				B9C90C35288441B6000D91E5 /* LocalNotificationTest.app */,
			);
			name = Products;
			sourceTree = "<group>";
		};
		B9C90C36288441B6000D91E5 /* macOS */ = {
			isa = PBXGroup;
			children = (
				B9C90C37288441B6000D91E5 /* macOS.entitlements */,
			);
			path = macOS;
			sourceTree = "<group>";
		};
/* End PBXGroup section */

/* Begin PBXNativeTarget section */
		B9C90C2E288441B6000D91E5 /* LocalNotificationTest (iOS) */ = {
			isa = PBXNativeTarget;
			buildConfigurationList = B9C90C40288441B6000D91E5 /* Build configuration list for PBXNativeTarget "LocalNotificationTest (iOS)" */;
			buildPhases = (
				B9C90C2B288441B6000D91E5 /* Sources */,
				B9C90C2C288441B6000D91E5 /* Frameworks */,
				B9C90C2D288441B6000D91E5 /* Resources */,
			);
			buildRules = (
			);
			dependencies = (
			);
			name = "LocalNotificationTest (iOS)";
			productName = "LocalNotificationTest (iOS)";
			productReference = B9C90C2F288441B6000D91E5 /* LocalNotificationTest.app */;
			productType = "com.apple.product-type.application";
		};
		B9C90C34288441B6000D91E5 /* LocalNotificationTest (macOS) */ = {
			isa = PBXNativeTarget;
			buildConfigurationList = B9C90C43288441B6000D91E5 /* Build configuration list for PBXNativeTarget "LocalNotificationTest (macOS)" */;
			buildPhases = (
				B9C90C31288441B6000D91E5 /* Sources */,
				B9C90C32288441B6000D91E5 /* Frameworks */,
				B9C90C33288441B6000D91E5 /* Resources */,
			);
			buildRules = (
			);
			dependencies = (
			);
			name = "LocalNotificationTest (macOS)";
			productName = "LocalNotificationTest (macOS)";
			productReference = B9C90C35288441B6000D91E5 /* LocalNotificationTest.app */;
			productType = "com.apple.product-type.application";
		};
/* End PBXNativeTarget section */

/* Begin PBXProject section */
		B9C90C23288441B3000D91E5 /* Project object */ = {
			isa = PBXProject;
			attributes = {
				BuildIndependentTargetsInParallel = 1;
				LastSwiftUpdateCheck = 1340;
				LastUpgradeCheck = 1340;
				TargetAttributes = {
					B9C90C2E288441B6000D91E5 = {
						CreatedOnToolsVersion = 13.4.1;
					};
					B9C90C34288441B6000D91E5 = {
						CreatedOnToolsVersion = 13.4.1;
					};
				};
			};
			buildConfigurationList = B9C90C26288441B3000D91E5 /* Build configuration list for PBXProject "LocalNotificationTest" */;
			compatibilityVersion = "Xcode 13.0";
			developmentRegion = en;
			hasScannedForEncodings = 0;
			knownRegions = (
				en,
				Base,
			);
			mainGroup = B9C90C22288441B3000D91E5;
			productRefGroup = B9C90C30288441B6000D91E5 /* Products */;
			projectDirPath = "";
			projectRoot = "";
			targets = (
				B9C90C2E288441B6000D91E5 /* LocalNotificationTest (iOS) */,
				B9C90C34288441B6000D91E5 /* LocalNotificationTest (macOS) */,
			);
		};
/* End PBXProject section */

/* Begin PBXResourcesBuildPhase section */
		B9C90C2D288441B6000D91E5 /* Resources */ = {
			isa = PBXResourcesBuildPhase;
			buildActionMask = 2147483647;
			files = (
				B9C90C3C288441B6000D91E5 /* Assets.xcassets in Resources */,
			);
			runOnlyForDeploymentPostprocessing = 0;
		};
		B9C90C33288441B6000D91E5 /* Resources */ = {
			isa = PBXResourcesBuildPhase;
			buildActionMask = 2147483647;
			files = (
				B9C90C3D288441B6000D91E5 /* Assets.xcassets in Resources */,
			);
			runOnlyForDeploymentPostprocessing = 0;
		};
/* End PBXResourcesBuildPhase section */

/* Begin PBXSourcesBuildPhase section */
		B9C90C2B288441B6000D91E5 /* Sources */ = {
			isa = PBXSourcesBuildPhase;
			buildActionMask = 2147483647;
			files = (
				B9C90C4728845FA7000D91E5 /* ConfigureNotificationView.swift in Sources */,
				B93824A028A032CD00E0C5E7 /* ScheduleAtPicker.swift in Sources */,
				B95DEB05288DA52A00055411 /* NTFormSubmitButton.swift in Sources */,
				B938249D28A0328200E0C5E7 /* ScheduleInPicker.swift in Sources */,
				B95DEAF9288D8D0100055411 /* NotificationStatusView.swift in Sources */,
				B9DEDF1A28AA9B3700959FA3 /* ScheduleOptionsPicker.swift in Sources */,
				B95DEAFC288D8DD900055411 /* RequestNotificationPermissionView.swift in Sources */,
				B95DEB112896CBC500055411 /* NotificationOverviewViewModel.swift in Sources */,
				B9C90C3A288441B6000D91E5 /* NotificationOverviewView.swift in Sources */,
				B9C90C38288441B6000D91E5 /* LocalNotificationTestApp.swift in Sources */,
				B95DEB0E2896C0E700055411 /* ConfigureNotificationViewModel.swift in Sources */,
				B95DEAFF288D8E5E00055411 /* NTButton.swift in Sources */,
				B95DEB02288D924900055411 /* NotificationHelper.swift in Sources */,
			);
			runOnlyForDeploymentPostprocessing = 0;
		};
		B9C90C31288441B6000D91E5 /* Sources */ = {
			isa = PBXSourcesBuildPhase;
			buildActionMask = 2147483647;
			files = (
				B9C90C4828845FA7000D91E5 /* ConfigureNotificationView.swift in Sources */,
				B93824A128A032CD00E0C5E7 /* ScheduleAtPicker.swift in Sources */,
				B95DEB06288DA52A00055411 /* NTFormSubmitButton.swift in Sources */,
				B938249E28A0328200E0C5E7 /* ScheduleInPicker.swift in Sources */,
				B95DEAFA288D8D0100055411 /* NotificationStatusView.swift in Sources */,
				B9DEDF1B28AA9B3700959FA3 /* ScheduleOptionsPicker.swift in Sources */,
				B95DEAFD288D8DD900055411 /* RequestNotificationPermissionView.swift in Sources */,
				B95DEB122896CBC500055411 /* NotificationOverviewViewModel.swift in Sources */,
				B9C90C3B288441B6000D91E5 /* NotificationOverviewView.swift in Sources */,
				B9C90C39288441B6000D91E5 /* LocalNotificationTestApp.swift in Sources */,
				B95DEB0F2896C0E700055411 /* ConfigureNotificationViewModel.swift in Sources */,
				B95DEB00288D8E5E00055411 /* NTButton.swift in Sources */,
				B95DEB03288D924900055411 /* NotificationHelper.swift in Sources */,
			);
			runOnlyForDeploymentPostprocessing = 0;
		};
/* End PBXSourcesBuildPhase section */

/* Begin XCBuildConfiguration section */
		B9C90C3E288441B6000D91E5 /* Debug */ = {
			isa = XCBuildConfiguration;
			buildSettings = {
				ALWAYS_SEARCH_USER_PATHS = NO;
				CLANG_ANALYZER_NONNULL = YES;
				CLANG_ANALYZER_NUMBER_OBJECT_CONVERSION = YES_AGGRESSIVE;
				CLANG_CXX_LANGUAGE_STANDARD = "gnu++17";
				CLANG_ENABLE_MODULES = YES;
				CLANG_ENABLE_OBJC_ARC = YES;
				CLANG_ENABLE_OBJC_WEAK = YES;
				CLANG_WARN_BLOCK_CAPTURE_AUTORELEASING = YES;
				CLANG_WARN_BOOL_CONVERSION = YES;
				CLANG_WARN_COMMA = YES;
				CLANG_WARN_CONSTANT_CONVERSION = YES;
				CLANG_WARN_DEPRECATED_OBJC_IMPLEMENTATIONS = YES;
				CLANG_WARN_DIRECT_OBJC_ISA_USAGE = YES_ERROR;
				CLANG_WARN_DOCUMENTATION_COMMENTS = YES;
				CLANG_WARN_EMPTY_BODY = YES;
				CLANG_WARN_ENUM_CONVERSION = YES;
				CLANG_WARN_INFINITE_RECURSION = YES;
				CLANG_WARN_INT_CONVERSION = YES;
				CLANG_WARN_NON_LITERAL_NULL_CONVERSION = YES;
				CLANG_WARN_OBJC_IMPLICIT_RETAIN_SELF = YES;
				CLANG_WARN_OBJC_LITERAL_CONVERSION = YES;
				CLANG_WARN_OBJC_ROOT_CLASS = YES_ERROR;
				CLANG_WARN_QUOTED_INCLUDE_IN_FRAMEWORK_HEADER = YES;
				CLANG_WARN_RANGE_LOOP_ANALYSIS = YES;
				CLANG_WARN_STRICT_PROTOTYPES = YES;
				CLANG_WARN_SUSPICIOUS_MOVE = YES;
				CLANG_WARN_UNGUARDED_AVAILABILITY = YES_AGGRESSIVE;
				CLANG_WARN_UNREACHABLE_CODE = YES;
				CLANG_WARN__DUPLICATE_METHOD_MATCH = YES;
				COPY_PHASE_STRIP = NO;
				DEBUG_INFORMATION_FORMAT = dwarf;
				ENABLE_STRICT_OBJC_MSGSEND = YES;
				ENABLE_TESTABILITY = YES;
				GCC_C_LANGUAGE_STANDARD = gnu11;
				GCC_DYNAMIC_NO_PIC = NO;
				GCC_NO_COMMON_BLOCKS = YES;
				GCC_OPTIMIZATION_LEVEL = 0;
				GCC_PREPROCESSOR_DEFINITIONS = (
					"DEBUG=1",
					"$(inherited)",
				);
				GCC_WARN_64_TO_32_BIT_CONVERSION = YES;
				GCC_WARN_ABOUT_RETURN_TYPE = YES_ERROR;
				GCC_WARN_UNDECLARED_SELECTOR = YES;
				GCC_WARN_UNINITIALIZED_AUTOS = YES_AGGRESSIVE;
				GCC_WARN_UNUSED_FUNCTION = YES;
				GCC_WARN_UNUSED_VARIABLE = YES;
				MTL_ENABLE_DEBUG_INFO = INCLUDE_SOURCE;
				MTL_FAST_MATH = YES;
				ONLY_ACTIVE_ARCH = YES;
				SWIFT_ACTIVE_COMPILATION_CONDITIONS = DEBUG;
				SWIFT_OPTIMIZATION_LEVEL = "-Onone";
			};
			name = Debug;
		};
		B9C90C3F288441B6000D91E5 /* Release */ = {
			isa = XCBuildConfiguration;
			buildSettings = {
				ALWAYS_SEARCH_USER_PATHS = NO;
				CLANG_ANALYZER_NONNULL = YES;
				CLANG_ANALYZER_NUMBER_OBJECT_CONVERSION = YES_AGGRESSIVE;
				CLANG_CXX_LANGUAGE_STANDARD = "gnu++17";
				CLANG_ENABLE_MODULES = YES;
				CLANG_ENABLE_OBJC_ARC = YES;
				CLANG_ENABLE_OBJC_WEAK = YES;
				CLANG_WARN_BLOCK_CAPTURE_AUTORELEASING = YES;
				CLANG_WARN_BOOL_CONVERSION = YES;
				CLANG_WARN_COMMA = YES;
				CLANG_WARN_CONSTANT_CONVERSION = YES;
				CLANG_WARN_DEPRECATED_OBJC_IMPLEMENTATIONS = YES;
				CLANG_WARN_DIRECT_OBJC_ISA_USAGE = YES_ERROR;
				CLANG_WARN_DOCUMENTATION_COMMENTS = YES;
				CLANG_WARN_EMPTY_BODY = YES;
				CLANG_WARN_ENUM_CONVERSION = YES;
				CLANG_WARN_INFINITE_RECURSION = YES;
				CLANG_WARN_INT_CONVERSION = YES;
				CLANG_WARN_NON_LITERAL_NULL_CONVERSION = YES;
				CLANG_WARN_OBJC_IMPLICIT_RETAIN_SELF = YES;
				CLANG_WARN_OBJC_LITERAL_CONVERSION = YES;
				CLANG_WARN_OBJC_ROOT_CLASS = YES_ERROR;
				CLANG_WARN_QUOTED_INCLUDE_IN_FRAMEWORK_HEADER = YES;
				CLANG_WARN_RANGE_LOOP_ANALYSIS = YES;
				CLANG_WARN_STRICT_PROTOTYPES = YES;
				CLANG_WARN_SUSPICIOUS_MOVE = YES;
				CLANG_WARN_UNGUARDED_AVAILABILITY = YES_AGGRESSIVE;
				CLANG_WARN_UNREACHABLE_CODE = YES;
				CLANG_WARN__DUPLICATE_METHOD_MATCH = YES;
				COPY_PHASE_STRIP = NO;
				DEBUG_INFORMATION_FORMAT = "dwarf-with-dsym";
				ENABLE_NS_ASSERTIONS = NO;
				ENABLE_STRICT_OBJC_MSGSEND = YES;
				GCC_C_LANGUAGE_STANDARD = gnu11;
				GCC_NO_COMMON_BLOCKS = YES;
				GCC_WARN_64_TO_32_BIT_CONVERSION = YES;
				GCC_WARN_ABOUT_RETURN_TYPE = YES_ERROR;
				GCC_WARN_UNDECLARED_SELECTOR = YES;
				GCC_WARN_UNINITIALIZED_AUTOS = YES_AGGRESSIVE;
				GCC_WARN_UNUSED_FUNCTION = YES;
				GCC_WARN_UNUSED_VARIABLE = YES;
				MTL_ENABLE_DEBUG_INFO = NO;
				MTL_FAST_MATH = YES;
				SWIFT_COMPILATION_MODE = wholemodule;
				SWIFT_OPTIMIZATION_LEVEL = "-O";
			};
			name = Release;
		};
		B9C90C41288441B6000D91E5 /* Debug */ = {
			isa = XCBuildConfiguration;
			buildSettings = {
				ASSETCATALOG_COMPILER_APPICON_NAME = AppIcon;
				ASSETCATALOG_COMPILER_GLOBAL_ACCENT_COLOR_NAME = AccentColor;
				CODE_SIGN_STYLE = Automatic;
				CURRENT_PROJECT_VERSION = 1;
				DEVELOPMENT_TEAM = 8MD4CZRYZD;
				ENABLE_PREVIEWS = YES;
				GENERATE_INFOPLIST_FILE = YES;
				INFOPLIST_KEY_UIApplicationSceneManifest_Generation = YES;
				INFOPLIST_KEY_UIApplicationSupportsIndirectInputEvents = YES;
				INFOPLIST_KEY_UILaunchScreen_Generation = YES;
				INFOPLIST_KEY_UISupportedInterfaceOrientations_iPad = "UIInterfaceOrientationPortrait UIInterfaceOrientationPortraitUpsideDown UIInterfaceOrientationLandscapeLeft UIInterfaceOrientationLandscapeRight";
				INFOPLIST_KEY_UISupportedInterfaceOrientations_iPhone = "UIInterfaceOrientationPortrait UIInterfaceOrientationLandscapeLeft UIInterfaceOrientationLandscapeRight";
				IPHONEOS_DEPLOYMENT_TARGET = 15.5;
				LD_RUNPATH_SEARCH_PATHS = (
					"$(inherited)",
					"@executable_path/Frameworks",
				);
				MARKETING_VERSION = 1.0;
				PRODUCT_BUNDLE_IDENTIFIER = jschenkemeyer.demo.LocalNotificationTest;
				PRODUCT_NAME = LocalNotificationTest;
				SDKROOT = iphoneos;
				SWIFT_EMIT_LOC_STRINGS = YES;
				SWIFT_VERSION = 5.0;
				TARGETED_DEVICE_FAMILY = "1,2";
			};
			name = Debug;
		};
		B9C90C42288441B6000D91E5 /* Release */ = {
			isa = XCBuildConfiguration;
			buildSettings = {
				ASSETCATALOG_COMPILER_APPICON_NAME = AppIcon;
				ASSETCATALOG_COMPILER_GLOBAL_ACCENT_COLOR_NAME = AccentColor;
				CODE_SIGN_STYLE = Automatic;
				CURRENT_PROJECT_VERSION = 1;
				DEVELOPMENT_TEAM = 8MD4CZRYZD;
				ENABLE_PREVIEWS = YES;
				GENERATE_INFOPLIST_FILE = YES;
				INFOPLIST_KEY_UIApplicationSceneManifest_Generation = YES;
				INFOPLIST_KEY_UIApplicationSupportsIndirectInputEvents = YES;
				INFOPLIST_KEY_UILaunchScreen_Generation = YES;
				INFOPLIST_KEY_UISupportedInterfaceOrientations_iPad = "UIInterfaceOrientationPortrait UIInterfaceOrientationPortraitUpsideDown UIInterfaceOrientationLandscapeLeft UIInterfaceOrientationLandscapeRight";
				INFOPLIST_KEY_UISupportedInterfaceOrientations_iPhone = "UIInterfaceOrientationPortrait UIInterfaceOrientationLandscapeLeft UIInterfaceOrientationLandscapeRight";
				IPHONEOS_DEPLOYMENT_TARGET = 15.5;
				LD_RUNPATH_SEARCH_PATHS = (
					"$(inherited)",
					"@executable_path/Frameworks",
				);
				MARKETING_VERSION = 1.0;
				PRODUCT_BUNDLE_IDENTIFIER = jschenkemeyer.demo.LocalNotificationTest;
				PRODUCT_NAME = LocalNotificationTest;
				SDKROOT = iphoneos;
				SWIFT_EMIT_LOC_STRINGS = YES;
				SWIFT_VERSION = 5.0;
				TARGETED_DEVICE_FAMILY = "1,2";
				VALIDATE_PRODUCT = YES;
			};
			name = Release;
		};
		B9C90C44288441B6000D91E5 /* Debug */ = {
			isa = XCBuildConfiguration;
			buildSettings = {
				ASSETCATALOG_COMPILER_APPICON_NAME = AppIcon;
				ASSETCATALOG_COMPILER_GLOBAL_ACCENT_COLOR_NAME = AccentColor;
				CODE_SIGN_ENTITLEMENTS = macOS/macOS.entitlements;
				CODE_SIGN_STYLE = Automatic;
				COMBINE_HIDPI_IMAGES = YES;
				CURRENT_PROJECT_VERSION = 1;
				DEVELOPMENT_TEAM = 8MD4CZRYZD;
				ENABLE_HARDENED_RUNTIME = YES;
				ENABLE_PREVIEWS = YES;
				GENERATE_INFOPLIST_FILE = YES;
				INFOPLIST_KEY_NSHumanReadableCopyright = "";
				LD_RUNPATH_SEARCH_PATHS = (
					"$(inherited)",
					"@executable_path/../Frameworks",
				);
				MACOSX_DEPLOYMENT_TARGET = 12.3;
				MARKETING_VERSION = 1.0;
				PRODUCT_BUNDLE_IDENTIFIER = jschenkemeyer.demo.LocalNotificationTest;
				PRODUCT_NAME = LocalNotificationTest;
				SDKROOT = macosx;
				SWIFT_EMIT_LOC_STRINGS = YES;
				SWIFT_VERSION = 5.0;
			};
			name = Debug;
		};
		B9C90C45288441B6000D91E5 /* Release */ = {
			isa = XCBuildConfiguration;
			buildSettings = {
				ASSETCATALOG_COMPILER_APPICON_NAME = AppIcon;
				ASSETCATALOG_COMPILER_GLOBAL_ACCENT_COLOR_NAME = AccentColor;
				CODE_SIGN_ENTITLEMENTS = macOS/macOS.entitlements;
				CODE_SIGN_STYLE = Automatic;
				COMBINE_HIDPI_IMAGES = YES;
				CURRENT_PROJECT_VERSION = 1;
				DEVELOPMENT_TEAM = 8MD4CZRYZD;
				ENABLE_HARDENED_RUNTIME = YES;
				ENABLE_PREVIEWS = YES;
				GENERATE_INFOPLIST_FILE = YES;
				INFOPLIST_KEY_NSHumanReadableCopyright = "";
				LD_RUNPATH_SEARCH_PATHS = (
					"$(inherited)",
					"@executable_path/../Frameworks",
				);
				MACOSX_DEPLOYMENT_TARGET = 12.3;
				MARKETING_VERSION = 1.0;
				PRODUCT_BUNDLE_IDENTIFIER = jschenkemeyer.demo.LocalNotificationTest;
				PRODUCT_NAME = LocalNotificationTest;
				SDKROOT = macosx;
				SWIFT_EMIT_LOC_STRINGS = YES;
				SWIFT_VERSION = 5.0;
			};
			name = Release;
		};
/* End XCBuildConfiguration section */

/* Begin XCConfigurationList section */
		B9C90C26288441B3000D91E5 /* Build configuration list for PBXProject "LocalNotificationTest" */ = {
			isa = XCConfigurationList;
			buildConfigurations = (
				B9C90C3E288441B6000D91E5 /* Debug */,
				B9C90C3F288441B6000D91E5 /* Release */,
			);
			defaultConfigurationIsVisible = 0;
			defaultConfigurationName = Release;
		};
		B9C90C40288441B6000D91E5 /* Build configuration list for PBXNativeTarget "LocalNotificationTest (iOS)" */ = {
			isa = XCConfigurationList;
			buildConfigurations = (
				B9C90C41288441B6000D91E5 /* Debug */,
				B9C90C42288441B6000D91E5 /* Release */,
			);
			defaultConfigurationIsVisible = 0;
			defaultConfigurationName = Release;
		};
		B9C90C43288441B6000D91E5 /* Build configuration list for PBXNativeTarget "LocalNotificationTest (macOS)" */ = {
			isa = XCConfigurationList;
			buildConfigurations = (
				B9C90C44288441B6000D91E5 /* Debug */,
				B9C90C45288441B6000D91E5 /* Release */,
			);
			defaultConfigurationIsVisible = 0;
			defaultConfigurationName = Release;
		};
/* End XCConfigurationList section */
	};
	rootObject = B9C90C23288441B3000D91E5 /* Project object */;
}
